
Microsoft Visual Studio Solution File, Format Version 12.00
# Visual Studio Version 16
VisualStudioVersion = 16.0.31702.278
MinimumVisualStudioVersion = 10.0.40219.1
Project("{9A19103F-16F7-4668-BE54-9A1E7A4F7556}") = "CSharp02", "CSharp02\CSharp02.csproj", "{602AD7F2-082A-4067-AEB3-37BA7B8A2378}"
EndProject
Project("{9A19103F-16F7-4668-BE54-9A1E7A4F7556}") = "001-调试和错误排查", "001-调试和错误排查\001-调试和错误排查.csproj", "{DE4BC599-E41A-469D-B49F-B5665E95796E}"
EndProject
Project("{9A19103F-16F7-4668-BE54-9A1E7A4F7556}") = "002-异常处理", "002-异常处理\002-异常处理.csproj", "{CF067F6F-FCA2-40FB-AEDF-84A7E5D74F0B}"
EndProject
Project("{9A19103F-16F7-4668-BE54-9A1E7A4F7556}") = "003-检测非法数据", "003-检测非法数据\003-检测非法数据.csproj", "{01B78862-8A7D-4977-BD0C-66C4C53E4569}"
EndProject
Project("{9A19103F-16F7-4668-BE54-9A1E7A4F7556}") = "004-面向对象", "004-面向对象\004-面向对象.csproj", "{89DA09EE-FE83-4612-8CB3-6DC4547E6622}"
EndProject
Project("{9A19103F-16F7-4668-BE54-9A1E7A4F7556}") = "005-属性", "005-属性\005-属性.csproj", "{347E3508-CCAC-4375-9A37-FAF6A8D277B8}"
EndProject
Project("{9A19103F-16F7-4668-BE54-9A1E7A4F7556}") = "007-继承", "007-继承\007-继承.csproj", "{477FE9F1-CFEE-4C74-AF59-20E12A624CC9}"
EndProject
Project("{9A19103F-16F7-4668-BE54-9A1E7A4F7556}") = "008-虚方法", "008-虚方法\008-虚方法.csproj", "{07A887AE-CC7B-4317-AE57-1F2C3791B19B}"
EndProject
Project("{9A19103F-16F7-4668-BE54-9A1E7A4F7556}") = "009-抽象类", "009-抽象类\009-抽象类.csproj", "{0AE88F4C-C6AE-4A44-8F0D-5DFF8335EA33}"
EndProject
Project("{9A19103F-16F7-4668-BE54-9A1E7A4F7556}") = "010-子类的构造", "010-子类的构造\010-子类的构造.csproj", "{6F94FF01-68B4-4AFA-BCB0-311F898546B0}"
EndProject
Project("{9A19103F-16F7-4668-BE54-9A1E7A4F7556}") = "011-只读字段readonly", "011-只读字段readonly\011-只读字段readonly.csproj", "{4D475568-B3AD-48B8-935C-66AAC9B8B16D}"
EndProject
Project("{9A19103F-16F7-4668-BE54-9A1E7A4F7556}") = "012-静态static", "012-静态static\012-静态static.csproj", "{B759D477-421B-4A6E-B549-FDA6FCF76CFE}"
EndProject
Project("{9A19103F-16F7-4668-BE54-9A1E7A4F7556}") = "013-接口", "013-接口\013-接口.csproj", "{0A4A933E-E6B5-4112-8690-23E4DB801761}"
EndProject
Project("{9A19103F-16F7-4668-BE54-9A1E7A4F7556}") = "014-索引器", "014-索引器\014-索引器.csproj", "{8F936479-8520-4D16-823C-5CD41484B1D1}"
EndProject
Project("{9A19103F-16F7-4668-BE54-9A1E7A4F7556}") = "015-运算符重载", "015-运算符重载\015-运算符重载.csproj", "{3D9D7AB6-87F8-4465-A21D-3B1DAD39232A}"
EndProject
Project("{9A19103F-16F7-4668-BE54-9A1E7A4F7556}") = "017-列表List", "017-列表List\017-列表List.csproj", "{77AAF434-FA7D-4199-BD82-053913AA14BE}"
EndProject
Project("{9A19103F-16F7-4668-BE54-9A1E7A4F7556}") = "018-列表的常用操作", "018-列表的常用操作\018-列表的常用操作.csproj", "{05B4E8D8-ABB1-4847-9562-63D5B3B03A9E}"
EndProject
Project("{9A19103F-16F7-4668-BE54-9A1E7A4F7556}") = "019-泛型", "019-泛型\019-泛型.csproj", "{8956E774-7EDB-49B9-8578-BD2DD1C0B101}"
EndProject
Project("{9A19103F-16F7-4668-BE54-9A1E7A4F7556}") = "020-MyList列表", "020-MyList列表\020-MyList列表.csproj", "{96EBB14F-F0C9-492D-AC8B-452B5559C99D}"
EndProject
Project("{FAE04EC0-301F-11D3-BF4B-00C04F79EFBC}") = "021-Equals判断相等", "021-Equals判断相等\021-Equals判断相等.csproj", "{3129F733-3819-451A-BC32-C110138EADF2}"
EndProject
Global
	GlobalSection(SolutionConfigurationPlatforms) = preSolution
		Debug|Any CPU = Debug|Any CPU
		Release|Any CPU = Release|Any CPU
	EndGlobalSection
	GlobalSection(ProjectConfigurationPlatforms) = postSolution
		{602AD7F2-082A-4067-AEB3-37BA7B8A2378}.Debug|Any CPU.ActiveCfg = Debug|Any CPU
		{602AD7F2-082A-4067-AEB3-37BA7B8A2378}.Debug|Any CPU.Build.0 = Debug|Any CPU
		{602AD7F2-082A-4067-AEB3-37BA7B8A2378}.Release|Any CPU.ActiveCfg = Release|Any CPU
		{602AD7F2-082A-4067-AEB3-37BA7B8A2378}.Release|Any CPU.Build.0 = Release|Any CPU
		{DE4BC599-E41A-469D-B49F-B5665E95796E}.Debug|Any CPU.ActiveCfg = Debug|Any CPU
		{DE4BC599-E41A-469D-B49F-B5665E95796E}.Debug|Any CPU.Build.0 = Debug|Any CPU
		{DE4BC599-E41A-469D-B49F-B5665E95796E}.Release|Any CPU.ActiveCfg = Release|Any CPU
		{DE4BC599-E41A-469D-B49F-B5665E95796E}.Release|Any CPU.Build.0 = Release|Any CPU
		{CF067F6F-FCA2-40FB-AEDF-84A7E5D74F0B}.Debug|Any CPU.ActiveCfg = Debug|Any CPU
		{CF067F6F-FCA2-40FB-AEDF-84A7E5D74F0B}.Debug|Any CPU.Build.0 = Debug|Any CPU
		{CF067F6F-FCA2-40FB-AEDF-84A7E5D74F0B}.Release|Any CPU.ActiveCfg = Release|Any CPU
		{CF067F6F-FCA2-40FB-AEDF-84A7E5D74F0B}.Release|Any CPU.Build.0 = Release|Any CPU
		{01B78862-8A7D-4977-BD0C-66C4C53E4569}.Debug|Any CPU.ActiveCfg = Debug|Any CPU
		{01B78862-8A7D-4977-BD0C-66C4C53E4569}.Debug|Any CPU.Build.0 = Debug|Any CPU
		{01B78862-8A7D-4977-BD0C-66C4C53E4569}.Release|Any CPU.ActiveCfg = Release|Any CPU
		{01B78862-8A7D-4977-BD0C-66C4C53E4569}.Release|Any CPU.Build.0 = Release|Any CPU
		{89DA09EE-FE83-4612-8CB3-6DC4547E6622}.Debug|Any CPU.ActiveCfg = Debug|Any CPU
		{89DA09EE-FE83-4612-8CB3-6DC4547E6622}.Debug|Any CPU.Build.0 = Debug|Any CPU
		{89DA09EE-FE83-4612-8CB3-6DC4547E6622}.Release|Any CPU.ActiveCfg = Release|Any CPU
		{89DA09EE-FE83-4612-8CB3-6DC4547E6622}.Release|Any CPU.Build.0 = Release|Any CPU
		{347E3508-CCAC-4375-9A37-FAF6A8D277B8}.Debug|Any CPU.ActiveCfg = Debug|Any CPU
		{347E3508-CCAC-4375-9A37-FAF6A8D277B8}.Debug|Any CPU.Build.0 = Debug|Any CPU
		{347E3508-CCAC-4375-9A37-FAF6A8D277B8}.Release|Any CPU.ActiveCfg = Release|Any CPU
		{347E3508-CCAC-4375-9A37-FAF6A8D277B8}.Release|Any CPU.Build.0 = Release|Any CPU
		{477FE9F1-CFEE-4C74-AF59-20E12A624CC9}.Debug|Any CPU.ActiveCfg = Debug|Any CPU
		{477FE9F1-CFEE-4C74-AF59-20E12A624CC9}.Debug|Any CPU.Build.0 = Debug|Any CPU
		{477FE9F1-CFEE-4C74-AF59-20E12A624CC9}.Release|Any CPU.ActiveCfg = Release|Any CPU
		{477FE9F1-CFEE-4C74-AF59-20E12A624CC9}.Release|Any CPU.Build.0 = Release|Any CPU
		{07A887AE-CC7B-4317-AE57-1F2C3791B19B}.Debug|Any CPU.ActiveCfg = Debug|Any CPU
		{07A887AE-CC7B-4317-AE57-1F2C3791B19B}.Debug|Any CPU.Build.0 = Debug|Any CPU
		{07A887AE-CC7B-4317-AE57-1F2C3791B19B}.Release|Any CPU.ActiveCfg = Release|Any CPU
		{07A887AE-CC7B-4317-AE57-1F2C3791B19B}.Release|Any CPU.Build.0 = Release|Any CPU
		{0AE88F4C-C6AE-4A44-8F0D-5DFF8335EA33}.Debug|Any CPU.ActiveCfg = Debug|Any CPU
		{0AE88F4C-C6AE-4A44-8F0D-5DFF8335EA33}.Debug|Any CPU.Build.0 = Debug|Any CPU
		{0AE88F4C-C6AE-4A44-8F0D-5DFF8335EA33}.Release|Any CPU.ActiveCfg = Release|Any CPU
		{0AE88F4C-C6AE-4A44-8F0D-5DFF8335EA33}.Release|Any CPU.Build.0 = Release|Any CPU
		{6F94FF01-68B4-4AFA-BCB0-311F898546B0}.Debug|Any CPU.ActiveCfg = Debug|Any CPU
		{6F94FF01-68B4-4AFA-BCB0-311F898546B0}.Debug|Any CPU.Build.0 = Debug|Any CPU
		{6F94FF01-68B4-4AFA-BCB0-311F898546B0}.Release|Any CPU.ActiveCfg = Release|Any CPU
		{6F94FF01-68B4-4AFA-BCB0-311F898546B0}.Release|Any CPU.Build.0 = Release|Any CPU
		{4D475568-B3AD-48B8-935C-66AAC9B8B16D}.Debug|Any CPU.ActiveCfg = Debug|Any CPU
		{4D475568-B3AD-48B8-935C-66AAC9B8B16D}.Debug|Any CPU.Build.0 = Debug|Any CPU
		{4D475568-B3AD-48B8-935C-66AAC9B8B16D}.Release|Any CPU.ActiveCfg = Release|Any CPU
		{4D475568-B3AD-48B8-935C-66AAC9B8B16D}.Release|Any CPU.Build.0 = Release|Any CPU
		{B759D477-421B-4A6E-B549-FDA6FCF76CFE}.Debug|Any CPU.ActiveCfg = Debug|Any CPU
		{B759D477-421B-4A6E-B549-FDA6FCF76CFE}.Debug|Any CPU.Build.0 = Debug|Any CPU
		{B759D477-421B-4A6E-B549-FDA6FCF76CFE}.Release|Any CPU.ActiveCfg = Release|Any CPU
		{B759D477-421B-4A6E-B549-FDA6FCF76CFE}.Release|Any CPU.Build.0 = Release|Any CPU
		{0A4A933E-E6B5-4112-8690-23E4DB801761}.Debug|Any CPU.ActiveCfg = Debug|Any CPU
		{0A4A933E-E6B5-4112-8690-23E4DB801761}.Debug|Any CPU.Build.0 = Debug|Any CPU
		{0A4A933E-E6B5-4112-8690-23E4DB801761}.Release|Any CPU.ActiveCfg = Release|Any CPU
		{0A4A933E-E6B5-4112-8690-23E4DB801761}.Release|Any CPU.Build.0 = Release|Any CPU
		{8F936479-8520-4D16-823C-5CD41484B1D1}.Debug|Any CPU.ActiveCfg = Debug|Any CPU
		{8F936479-8520-4D16-823C-5CD41484B1D1}.Debug|Any CPU.Build.0 = Debug|Any CPU
		{8F936479-8520-4D16-823C-5CD41484B1D1}.Release|Any CPU.ActiveCfg = Release|Any CPU
		{8F936479-8520-4D16-823C-5CD41484B1D1}.Release|Any CPU.Build.0 = Release|Any CPU
		{3D9D7AB6-87F8-4465-A21D-3B1DAD39232A}.Debug|Any CPU.ActiveCfg = Debug|Any CPU
		{3D9D7AB6-87F8-4465-A21D-3B1DAD39232A}.Debug|Any CPU.Build.0 = Debug|Any CPU
		{3D9D7AB6-87F8-4465-A21D-3B1DAD39232A}.Release|Any CPU.ActiveCfg = Release|Any CPU
		{3D9D7AB6-87F8-4465-A21D-3B1DAD39232A}.Release|Any CPU.Build.0 = Release|Any CPU
		{77AAF434-FA7D-4199-BD82-053913AA14BE}.Debug|Any CPU.ActiveCfg = Debug|Any CPU
		{77AAF434-FA7D-4199-BD82-053913AA14BE}.Debug|Any CPU.Build.0 = Debug|Any CPU
		{77AAF434-FA7D-4199-BD82-053913AA14BE}.Release|Any CPU.ActiveCfg = Release|Any CPU
		{77AAF434-FA7D-4199-BD82-053913AA14BE}.Release|Any CPU.Build.0 = Release|Any CPU
		{05B4E8D8-ABB1-4847-9562-63D5B3B03A9E}.Debug|Any CPU.ActiveCfg = Debug|Any CPU
		{05B4E8D8-ABB1-4847-9562-63D5B3B03A9E}.Debug|Any CPU.Build.0 = Debug|Any CPU
		{05B4E8D8-ABB1-4847-9562-63D5B3B03A9E}.Release|Any CPU.ActiveCfg = Release|Any CPU
		{05B4E8D8-ABB1-4847-9562-63D5B3B03A9E}.Release|Any CPU.Build.0 = Release|Any CPU
		{8956E774-7EDB-49B9-8578-BD2DD1C0B101}.Debug|Any CPU.ActiveCfg = Debug|Any CPU
		{8956E774-7EDB-49B9-8578-BD2DD1C0B101}.Debug|Any CPU.Build.0 = Debug|Any CPU
		{8956E774-7EDB-49B9-8578-BD2DD1C0B101}.Release|Any CPU.ActiveCfg = Release|Any CPU
		{8956E774-7EDB-49B9-8578-BD2DD1C0B101}.Release|Any CPU.Build.0 = Release|Any CPU
		{96EBB14F-F0C9-492D-AC8B-452B5559C99D}.Debug|Any CPU.ActiveCfg = Debug|Any CPU
		{96EBB14F-F0C9-492D-AC8B-452B5559C99D}.Debug|Any CPU.Build.0 = Debug|Any CPU
		{96EBB14F-F0C9-492D-AC8B-452B5559C99D}.Release|Any CPU.ActiveCfg = Release|Any CPU
		{96EBB14F-F0C9-492D-AC8B-452B5559C99D}.Release|Any CPU.Build.0 = Release|Any CPU
		{3129F733-3819-451A-BC32-C110138EADF2}.Debug|Any CPU.ActiveCfg = Debug|Any CPU
		{3129F733-3819-451A-BC32-C110138EADF2}.Debug|Any CPU.Build.0 = Debug|Any CPU
		{3129F733-3819-451A-BC32-C110138EADF2}.Release|Any CPU.ActiveCfg = Release|Any CPU
		{3129F733-3819-451A-BC32-C110138EADF2}.Release|Any CPU.Build.0 = Release|Any CPU
	EndGlobalSection
	GlobalSection(SolutionProperties) = preSolution
		HideSolutionNode = FALSE
	EndGlobalSection
	GlobalSection(ExtensibilityGlobals) = postSolution
		SolutionGuid = {9B992210-D38B-45D0-B093-A975406CFFFA}
	EndGlobalSection
EndGlobal
