
Microsoft Visual Studio Solution File, Format Version 12.00
# Visual Studio Version 16
VisualStudioVersion = 16.0.31702.278
MinimumVisualStudioVersion = 10.0.40219.1
Project("{9A19103F-16F7-4668-BE54-9A1E7A4F7556}") = "003-变量", "003-变量\003-变量.csproj", "{2CF520F0-887F-42E7-AC86-26D21493043A}"
EndProject
Project("{9A19103F-16F7-4668-BE54-9A1E7A4F7556}") = "004-字符类型", "004-字符类型\004-字符类型.csproj", "{9AC76001-5A21-47E4-8094-253D7549AC42}"
EndProject
Project("{9A19103F-16F7-4668-BE54-9A1E7A4F7556}") = "005-编程题", "005-编程题\005-编程题.csproj", "{1829E488-6A2A-4ED1-AAB9-208ECC0AC9E8}"
EndProject
Project("{9A19103F-16F7-4668-BE54-9A1E7A4F7556}") = "006-变量研究", "006-变量研究\006-变量研究.csproj", "{3E2004E5-90A3-4BF4-803D-D03BE1D47A13}"
EndProject
Project("{9A19103F-16F7-4668-BE54-9A1E7A4F7556}") = "007-数学运算符", "007-数学运算符\007-数学运算符.csproj", "{62A46679-3DC1-47B9-8F35-D2681A07875F}"
EndProject
Project("{9A19103F-16F7-4668-BE54-9A1E7A4F7556}") = "008-自增自减运算符", "008-自增自减运算符\008-自增自减运算符.csproj", "{DDEC5417-AF69-415E-8D54-7F6A9D25CE9B}"
EndProject
Project("{9A19103F-16F7-4668-BE54-9A1E7A4F7556}") = "009-关系运算符和布尔类型", "009-关系运算符和布尔类型\009-关系运算符和布尔类型.csproj", "{96DC99C9-E6E4-490B-836C-A8D2A7C92261}"
EndProject
Project("{9A19103F-16F7-4668-BE54-9A1E7A4F7556}") = "010-逻辑运算符", "010-逻辑运算符\010-逻辑运算符.csproj", "{5E8596B1-2FEF-43AB-B99A-01813720F0AE}"
EndProject
Project("{9A19103F-16F7-4668-BE54-9A1E7A4F7556}") = "011-运算符的优先级", "011-运算符的优先级\011-运算符的优先级.csproj", "{A85CBC88-417E-44E4-BA10-E2617C702967}"
EndProject
Project("{9A19103F-16F7-4668-BE54-9A1E7A4F7556}") = "012-练习题", "012-练习题\012-练习题.csproj", "{65AAF73A-8EF5-4BFA-8062-66DE7EEF1585}"
EndProject
Project("{9A19103F-16F7-4668-BE54-9A1E7A4F7556}") = "013-条件语句if语句", "013-条件语句if语句\013-条件语句if语句.csproj", "{D28CC84C-0D49-4FEA-939C-0593563A6E50}"
EndProject
Project("{9A19103F-16F7-4668-BE54-9A1E7A4F7556}") = "014-练习题", "014-练习题\014-练习题.csproj", "{2A424E80-9FE2-42D0-98BB-4A9DB2B7462F}"
EndProject
Project("{9A19103F-16F7-4668-BE54-9A1E7A4F7556}") = "015-排序-编程题", "015-排序-编程题\015-排序-编程题.csproj", "{1528E28A-DF58-4EDB-9E28-4DA0B7D446BC}"
EndProject
Project("{9A19103F-16F7-4668-BE54-9A1E7A4F7556}") = "016-switch分支语句", "016-switch分支语句\016-switch分支语句.csproj", "{2055C8EF-131F-4C3C-83D9-11743EC9B023}"
EndProject
Project("{9A19103F-16F7-4668-BE54-9A1E7A4F7556}") = "017-编程题", "017-编程题\017-编程题.csproj", "{71BD33DD-0951-4678-A8EC-7850643F9CBC}"
EndProject
Project("{9A19103F-16F7-4668-BE54-9A1E7A4F7556}") = "018-循环语句-while循环", "018-循环语句-while循环\018-循环语句-while循环.csproj", "{3A393B10-9D47-44BD-8F9D-C4B2FD4D7FDC}"
EndProject
Project("{9A19103F-16F7-4668-BE54-9A1E7A4F7556}") = "019-while循环-编程题", "019-while循环-编程题\019-while循环-编程题.csproj", "{4ED0B286-9492-49C7-8D95-09C653B914B5}"
EndProject
Project("{9A19103F-16F7-4668-BE54-9A1E7A4F7556}") = "020-for循环", "020-for循环\020-for循环.csproj", "{2FA14173-2E5D-407A-BA39-82CF0B6D4C8E}"
EndProject
Project("{9A19103F-16F7-4668-BE54-9A1E7A4F7556}") = "021-do while循环", "021-do while循环\021-do while循环.csproj", "{34F1A5D8-E0F1-4B52-9095-C3E857FDDB45}"
EndProject
Project("{9A19103F-16F7-4668-BE54-9A1E7A4F7556}") = "022-变量的作用域", "022-变量的作用域\022-变量的作用域.csproj", "{3964E0E4-F768-4B5E-9243-2806670A6251}"
EndProject
Project("{9A19103F-16F7-4668-BE54-9A1E7A4F7556}") = "023-练习题", "023-练习题\023-练习题.csproj", "{A0BE7615-2CE5-4E29-B160-2D00DCB68379}"
EndProject
Project("{9A19103F-16F7-4668-BE54-9A1E7A4F7556}") = "024-练习题", "024-练习题\024-练习题.csproj", "{CE77EE01-2976-46C2-A4C0-17C8131769C2}"
EndProject
Project("{9A19103F-16F7-4668-BE54-9A1E7A4F7556}") = "025-字符读取和编程题", "025-字符读取和编程题\025-字符读取和编程题.csproj", "{8FFDDA7B-89D6-41E7-854B-708B093C1B27}"
EndProject
Project("{9A19103F-16F7-4668-BE54-9A1E7A4F7556}") = "026-循环中的continue", "026-循环中的continue\026-循环中的continue.csproj", "{22199783-ADE9-4F3B-BD1D-F3F572BB18E4}"
EndProject
Project("{9A19103F-16F7-4668-BE54-9A1E7A4F7556}") = "027-循环嵌套", "027-循环嵌套\027-循环嵌套.csproj", "{34C6097F-AE6E-40E5-81B6-05B1582493CD}"
EndProject
Project("{9A19103F-16F7-4668-BE54-9A1E7A4F7556}") = "028-猜数字", "028-猜数字\028-猜数字.csproj", "{8FE4FDF2-3D9A-4941-A43F-81370AE94A6E}"
EndProject
Project("{FAE04EC0-301F-11D3-BF4B-00C04F79EFBC}") = "001-开始", "001-开始\001-开始.csproj", "{8A8F49A5-9AC7-49C0-B9E6-CA09E85120D7}"
EndProject
Project("{9A19103F-16F7-4668-BE54-9A1E7A4F7556}") = "002-练习题", "002-练习题\002-练习题.csproj", "{9F96B1DE-E30C-4E3C-BA86-C61AA9F5C406}"
EndProject
Project("{9A19103F-16F7-4668-BE54-9A1E7A4F7556}") = "029-全部数据类型", "029-全部数据类型\029-全部数据类型.csproj", "{739F65F8-A563-4BAB-9EFC-A77CD7FB56D3}"
EndProject
Project("{9A19103F-16F7-4668-BE54-9A1E7A4F7556}") = "030-数组", "030-数组\030-数组.csproj", "{7204415C-B929-48D7-97C3-DF58152BB94E}"
EndProject
Project("{9A19103F-16F7-4668-BE54-9A1E7A4F7556}") = "031-字符串", "031-字符串\031-字符串.csproj", "{87941A07-F936-4D83-AD91-503A6BD3CA02}"
EndProject
Project("{9A19103F-16F7-4668-BE54-9A1E7A4F7556}") = "032-编程题", "032-编程题\032-编程题.csproj", "{F2C17B5C-4546-49D8-9CCD-C841AC57129B}"
EndProject
Project("{9A19103F-16F7-4668-BE54-9A1E7A4F7556}") = "033-编程题", "033-编程题\033-编程题.csproj", "{5A118656-937E-4EE4-8B44-53E0EF45F7AC}"
EndProject
Project("{9A19103F-16F7-4668-BE54-9A1E7A4F7556}") = "034-排序", "034-排序\034-排序.csproj", "{762B34CD-FBCC-49EE-8ABF-BC65DAAB9323}"
EndProject
Project("{9A19103F-16F7-4668-BE54-9A1E7A4F7556}") = "035-编程题", "035-编程题\035-编程题.csproj", "{CB80B3B4-D6A9-4B26-A0CB-D2285DB8DFBC}"
EndProject
Project("{9A19103F-16F7-4668-BE54-9A1E7A4F7556}") = "037-函数", "037-函数\037-函数.csproj", "{62ACEC51-26AD-4A37-84F0-C5F19CAF1ADF}"
EndProject
Project("{9A19103F-16F7-4668-BE54-9A1E7A4F7556}") = "038-真素数", "038-真素数\038-真素数.csproj", "{C56ADC2D-4C86-469B-99D5-4E514B595170}"
EndProject
Project("{9A19103F-16F7-4668-BE54-9A1E7A4F7556}") = "039-参数数组", "039-参数数组\039-参数数组.csproj", "{6B3848F5-D77B-4502-88C1-EC07DD1ECDCA}"
EndProject
Project("{9A19103F-16F7-4668-BE54-9A1E7A4F7556}") = "040-编程题", "040-编程题\040-编程题.csproj", "{1BA217E8-5497-44F3-97D5-C01AE8FE56B0}"
EndProject
Project("{9A19103F-16F7-4668-BE54-9A1E7A4F7556}") = "041-方法的重载", "041-方法的重载\041-方法的重载.csproj", "{2CC0B53C-AF8A-4E6C-9F36-9CB0F9CF8D7E}"
EndProject
Project("{9A19103F-16F7-4668-BE54-9A1E7A4F7556}") = "042-方法的递归调用", "042-方法的递归调用\042-方法的递归调用.csproj", "{1013F1C8-8848-4377-A067-3D8265F77495}"
EndProject
Project("{9A19103F-16F7-4668-BE54-9A1E7A4F7556}") = "043-方法的递归调用-练习题", "043-方法的递归调用-练习题\043-方法的递归调用-练习题.csproj", "{59CACAAF-2966-4657-A054-9D2DD029BCE5}"
EndProject
Project("{9A19103F-16F7-4668-BE54-9A1E7A4F7556}") = "044-方法的递归调用-练习题", "044-方法的递归调用-练习题\044-方法的递归调用-练习题.csproj", "{BA9F1DBD-B491-4359-9686-F24A2F6B2657}"
EndProject
Project("{9A19103F-16F7-4668-BE54-9A1E7A4F7556}") = "045-常量", "045-常量\045-常量.csproj", "{4B8F0791-9C0A-4802-805A-C0910D489455}"
EndProject
Project("{9A19103F-16F7-4668-BE54-9A1E7A4F7556}") = "046-枚举类型", "046-枚举类型\046-枚举类型.csproj", "{715AF090-A1A6-4C55-AC6B-C45B964EDD7F}"
EndProject
Project("{FAE04EC0-301F-11D3-BF4B-00C04F79EFBC}") = "047-结构体", "047-结构体\047-结构体.csproj", "{5F40F542-DB0E-4414-BF0D-BA4138BD300E}"
EndProject
Project("{FAE04EC0-301F-11D3-BF4B-00C04F79EFBC}") = "048-结构体Vector3", "048-结构体Vector3\048-结构体Vector3.csproj", "{7A5E785C-98C5-4D94-8987-78D7D4D37780}"
EndProject
Project("{FAE04EC0-301F-11D3-BF4B-00C04F79EFBC}") = "049-委托", "049-委托\049-委托.csproj", "{325483A8-0436-4C2C-8723-E63EA250DED8}"
EndProject
Project("{FAE04EC0-301F-11D3-BF4B-00C04F79EFBC}") = "050-委托案例", "050-委托案例\050-委托案例.csproj", "{37BBC62E-E257-4737-9D67-5243FFCB05D7}"
EndProject
Global
	GlobalSection(SolutionConfigurationPlatforms) = preSolution
		Debug|Any CPU = Debug|Any CPU
		Release|Any CPU = Release|Any CPU
	EndGlobalSection
	GlobalSection(ProjectConfigurationPlatforms) = postSolution
		{2CF520F0-887F-42E7-AC86-26D21493043A}.Debug|Any CPU.ActiveCfg = Debug|Any CPU
		{2CF520F0-887F-42E7-AC86-26D21493043A}.Debug|Any CPU.Build.0 = Debug|Any CPU
		{2CF520F0-887F-42E7-AC86-26D21493043A}.Release|Any CPU.ActiveCfg = Release|Any CPU
		{2CF520F0-887F-42E7-AC86-26D21493043A}.Release|Any CPU.Build.0 = Release|Any CPU
		{9AC76001-5A21-47E4-8094-253D7549AC42}.Debug|Any CPU.ActiveCfg = Debug|Any CPU
		{9AC76001-5A21-47E4-8094-253D7549AC42}.Debug|Any CPU.Build.0 = Debug|Any CPU
		{9AC76001-5A21-47E4-8094-253D7549AC42}.Release|Any CPU.ActiveCfg = Release|Any CPU
		{9AC76001-5A21-47E4-8094-253D7549AC42}.Release|Any CPU.Build.0 = Release|Any CPU
		{1829E488-6A2A-4ED1-AAB9-208ECC0AC9E8}.Debug|Any CPU.ActiveCfg = Debug|Any CPU
		{1829E488-6A2A-4ED1-AAB9-208ECC0AC9E8}.Debug|Any CPU.Build.0 = Debug|Any CPU
		{1829E488-6A2A-4ED1-AAB9-208ECC0AC9E8}.Release|Any CPU.ActiveCfg = Release|Any CPU
		{1829E488-6A2A-4ED1-AAB9-208ECC0AC9E8}.Release|Any CPU.Build.0 = Release|Any CPU
		{3E2004E5-90A3-4BF4-803D-D03BE1D47A13}.Debug|Any CPU.ActiveCfg = Debug|Any CPU
		{3E2004E5-90A3-4BF4-803D-D03BE1D47A13}.Debug|Any CPU.Build.0 = Debug|Any CPU
		{3E2004E5-90A3-4BF4-803D-D03BE1D47A13}.Release|Any CPU.ActiveCfg = Release|Any CPU
		{3E2004E5-90A3-4BF4-803D-D03BE1D47A13}.Release|Any CPU.Build.0 = Release|Any CPU
		{62A46679-3DC1-47B9-8F35-D2681A07875F}.Debug|Any CPU.ActiveCfg = Debug|Any CPU
		{62A46679-3DC1-47B9-8F35-D2681A07875F}.Debug|Any CPU.Build.0 = Debug|Any CPU
		{62A46679-3DC1-47B9-8F35-D2681A07875F}.Release|Any CPU.ActiveCfg = Release|Any CPU
		{62A46679-3DC1-47B9-8F35-D2681A07875F}.Release|Any CPU.Build.0 = Release|Any CPU
		{DDEC5417-AF69-415E-8D54-7F6A9D25CE9B}.Debug|Any CPU.ActiveCfg = Debug|Any CPU
		{DDEC5417-AF69-415E-8D54-7F6A9D25CE9B}.Debug|Any CPU.Build.0 = Debug|Any CPU
		{DDEC5417-AF69-415E-8D54-7F6A9D25CE9B}.Release|Any CPU.ActiveCfg = Release|Any CPU
		{DDEC5417-AF69-415E-8D54-7F6A9D25CE9B}.Release|Any CPU.Build.0 = Release|Any CPU
		{96DC99C9-E6E4-490B-836C-A8D2A7C92261}.Debug|Any CPU.ActiveCfg = Debug|Any CPU
		{96DC99C9-E6E4-490B-836C-A8D2A7C92261}.Debug|Any CPU.Build.0 = Debug|Any CPU
		{96DC99C9-E6E4-490B-836C-A8D2A7C92261}.Release|Any CPU.ActiveCfg = Release|Any CPU
		{96DC99C9-E6E4-490B-836C-A8D2A7C92261}.Release|Any CPU.Build.0 = Release|Any CPU
		{5E8596B1-2FEF-43AB-B99A-01813720F0AE}.Debug|Any CPU.ActiveCfg = Debug|Any CPU
		{5E8596B1-2FEF-43AB-B99A-01813720F0AE}.Debug|Any CPU.Build.0 = Debug|Any CPU
		{5E8596B1-2FEF-43AB-B99A-01813720F0AE}.Release|Any CPU.ActiveCfg = Release|Any CPU
		{5E8596B1-2FEF-43AB-B99A-01813720F0AE}.Release|Any CPU.Build.0 = Release|Any CPU
		{A85CBC88-417E-44E4-BA10-E2617C702967}.Debug|Any CPU.ActiveCfg = Debug|Any CPU
		{A85CBC88-417E-44E4-BA10-E2617C702967}.Debug|Any CPU.Build.0 = Debug|Any CPU
		{A85CBC88-417E-44E4-BA10-E2617C702967}.Release|Any CPU.ActiveCfg = Release|Any CPU
		{A85CBC88-417E-44E4-BA10-E2617C702967}.Release|Any CPU.Build.0 = Release|Any CPU
		{65AAF73A-8EF5-4BFA-8062-66DE7EEF1585}.Debug|Any CPU.ActiveCfg = Debug|Any CPU
		{65AAF73A-8EF5-4BFA-8062-66DE7EEF1585}.Debug|Any CPU.Build.0 = Debug|Any CPU
		{65AAF73A-8EF5-4BFA-8062-66DE7EEF1585}.Release|Any CPU.ActiveCfg = Release|Any CPU
		{65AAF73A-8EF5-4BFA-8062-66DE7EEF1585}.Release|Any CPU.Build.0 = Release|Any CPU
		{D28CC84C-0D49-4FEA-939C-0593563A6E50}.Debug|Any CPU.ActiveCfg = Debug|Any CPU
		{D28CC84C-0D49-4FEA-939C-0593563A6E50}.Debug|Any CPU.Build.0 = Debug|Any CPU
		{D28CC84C-0D49-4FEA-939C-0593563A6E50}.Release|Any CPU.ActiveCfg = Release|Any CPU
		{D28CC84C-0D49-4FEA-939C-0593563A6E50}.Release|Any CPU.Build.0 = Release|Any CPU
		{2A424E80-9FE2-42D0-98BB-4A9DB2B7462F}.Debug|Any CPU.ActiveCfg = Debug|Any CPU
		{2A424E80-9FE2-42D0-98BB-4A9DB2B7462F}.Debug|Any CPU.Build.0 = Debug|Any CPU
		{2A424E80-9FE2-42D0-98BB-4A9DB2B7462F}.Release|Any CPU.ActiveCfg = Release|Any CPU
		{2A424E80-9FE2-42D0-98BB-4A9DB2B7462F}.Release|Any CPU.Build.0 = Release|Any CPU
		{1528E28A-DF58-4EDB-9E28-4DA0B7D446BC}.Debug|Any CPU.ActiveCfg = Debug|Any CPU
		{1528E28A-DF58-4EDB-9E28-4DA0B7D446BC}.Debug|Any CPU.Build.0 = Debug|Any CPU
		{1528E28A-DF58-4EDB-9E28-4DA0B7D446BC}.Release|Any CPU.ActiveCfg = Release|Any CPU
		{1528E28A-DF58-4EDB-9E28-4DA0B7D446BC}.Release|Any CPU.Build.0 = Release|Any CPU
		{2055C8EF-131F-4C3C-83D9-11743EC9B023}.Debug|Any CPU.ActiveCfg = Debug|Any CPU
		{2055C8EF-131F-4C3C-83D9-11743EC9B023}.Debug|Any CPU.Build.0 = Debug|Any CPU
		{2055C8EF-131F-4C3C-83D9-11743EC9B023}.Release|Any CPU.ActiveCfg = Release|Any CPU
		{2055C8EF-131F-4C3C-83D9-11743EC9B023}.Release|Any CPU.Build.0 = Release|Any CPU
		{71BD33DD-0951-4678-A8EC-7850643F9CBC}.Debug|Any CPU.ActiveCfg = Debug|Any CPU
		{71BD33DD-0951-4678-A8EC-7850643F9CBC}.Debug|Any CPU.Build.0 = Debug|Any CPU
		{71BD33DD-0951-4678-A8EC-7850643F9CBC}.Release|Any CPU.ActiveCfg = Release|Any CPU
		{71BD33DD-0951-4678-A8EC-7850643F9CBC}.Release|Any CPU.Build.0 = Release|Any CPU
		{3A393B10-9D47-44BD-8F9D-C4B2FD4D7FDC}.Debug|Any CPU.ActiveCfg = Debug|Any CPU
		{3A393B10-9D47-44BD-8F9D-C4B2FD4D7FDC}.Debug|Any CPU.Build.0 = Debug|Any CPU
		{3A393B10-9D47-44BD-8F9D-C4B2FD4D7FDC}.Release|Any CPU.ActiveCfg = Release|Any CPU
		{3A393B10-9D47-44BD-8F9D-C4B2FD4D7FDC}.Release|Any CPU.Build.0 = Release|Any CPU
		{4ED0B286-9492-49C7-8D95-09C653B914B5}.Debug|Any CPU.ActiveCfg = Debug|Any CPU
		{4ED0B286-9492-49C7-8D95-09C653B914B5}.Debug|Any CPU.Build.0 = Debug|Any CPU
		{4ED0B286-9492-49C7-8D95-09C653B914B5}.Release|Any CPU.ActiveCfg = Release|Any CPU
		{4ED0B286-9492-49C7-8D95-09C653B914B5}.Release|Any CPU.Build.0 = Release|Any CPU
		{2FA14173-2E5D-407A-BA39-82CF0B6D4C8E}.Debug|Any CPU.ActiveCfg = Debug|Any CPU
		{2FA14173-2E5D-407A-BA39-82CF0B6D4C8E}.Debug|Any CPU.Build.0 = Debug|Any CPU
		{2FA14173-2E5D-407A-BA39-82CF0B6D4C8E}.Release|Any CPU.ActiveCfg = Release|Any CPU
		{2FA14173-2E5D-407A-BA39-82CF0B6D4C8E}.Release|Any CPU.Build.0 = Release|Any CPU
		{34F1A5D8-E0F1-4B52-9095-C3E857FDDB45}.Debug|Any CPU.ActiveCfg = Debug|Any CPU
		{34F1A5D8-E0F1-4B52-9095-C3E857FDDB45}.Debug|Any CPU.Build.0 = Debug|Any CPU
		{34F1A5D8-E0F1-4B52-9095-C3E857FDDB45}.Release|Any CPU.ActiveCfg = Release|Any CPU
		{34F1A5D8-E0F1-4B52-9095-C3E857FDDB45}.Release|Any CPU.Build.0 = Release|Any CPU
		{3964E0E4-F768-4B5E-9243-2806670A6251}.Debug|Any CPU.ActiveCfg = Debug|Any CPU
		{3964E0E4-F768-4B5E-9243-2806670A6251}.Debug|Any CPU.Build.0 = Debug|Any CPU
		{3964E0E4-F768-4B5E-9243-2806670A6251}.Release|Any CPU.ActiveCfg = Release|Any CPU
		{3964E0E4-F768-4B5E-9243-2806670A6251}.Release|Any CPU.Build.0 = Release|Any CPU
		{A0BE7615-2CE5-4E29-B160-2D00DCB68379}.Debug|Any CPU.ActiveCfg = Debug|Any CPU
		{A0BE7615-2CE5-4E29-B160-2D00DCB68379}.Debug|Any CPU.Build.0 = Debug|Any CPU
		{A0BE7615-2CE5-4E29-B160-2D00DCB68379}.Release|Any CPU.ActiveCfg = Release|Any CPU
		{A0BE7615-2CE5-4E29-B160-2D00DCB68379}.Release|Any CPU.Build.0 = Release|Any CPU
		{CE77EE01-2976-46C2-A4C0-17C8131769C2}.Debug|Any CPU.ActiveCfg = Debug|Any CPU
		{CE77EE01-2976-46C2-A4C0-17C8131769C2}.Debug|Any CPU.Build.0 = Debug|Any CPU
		{CE77EE01-2976-46C2-A4C0-17C8131769C2}.Release|Any CPU.ActiveCfg = Release|Any CPU
		{CE77EE01-2976-46C2-A4C0-17C8131769C2}.Release|Any CPU.Build.0 = Release|Any CPU
		{8FFDDA7B-89D6-41E7-854B-708B093C1B27}.Debug|Any CPU.ActiveCfg = Debug|Any CPU
		{8FFDDA7B-89D6-41E7-854B-708B093C1B27}.Debug|Any CPU.Build.0 = Debug|Any CPU
		{8FFDDA7B-89D6-41E7-854B-708B093C1B27}.Release|Any CPU.ActiveCfg = Release|Any CPU
		{8FFDDA7B-89D6-41E7-854B-708B093C1B27}.Release|Any CPU.Build.0 = Release|Any CPU
		{22199783-ADE9-4F3B-BD1D-F3F572BB18E4}.Debug|Any CPU.ActiveCfg = Debug|Any CPU
		{22199783-ADE9-4F3B-BD1D-F3F572BB18E4}.Debug|Any CPU.Build.0 = Debug|Any CPU
		{22199783-ADE9-4F3B-BD1D-F3F572BB18E4}.Release|Any CPU.ActiveCfg = Release|Any CPU
		{22199783-ADE9-4F3B-BD1D-F3F572BB18E4}.Release|Any CPU.Build.0 = Release|Any CPU
		{34C6097F-AE6E-40E5-81B6-05B1582493CD}.Debug|Any CPU.ActiveCfg = Debug|Any CPU
		{34C6097F-AE6E-40E5-81B6-05B1582493CD}.Debug|Any CPU.Build.0 = Debug|Any CPU
		{34C6097F-AE6E-40E5-81B6-05B1582493CD}.Release|Any CPU.ActiveCfg = Release|Any CPU
		{34C6097F-AE6E-40E5-81B6-05B1582493CD}.Release|Any CPU.Build.0 = Release|Any CPU
		{8FE4FDF2-3D9A-4941-A43F-81370AE94A6E}.Debug|Any CPU.ActiveCfg = Debug|Any CPU
		{8FE4FDF2-3D9A-4941-A43F-81370AE94A6E}.Debug|Any CPU.Build.0 = Debug|Any CPU
		{8FE4FDF2-3D9A-4941-A43F-81370AE94A6E}.Release|Any CPU.ActiveCfg = Release|Any CPU
		{8FE4FDF2-3D9A-4941-A43F-81370AE94A6E}.Release|Any CPU.Build.0 = Release|Any CPU
		{8A8F49A5-9AC7-49C0-B9E6-CA09E85120D7}.Debug|Any CPU.ActiveCfg = Debug|Any CPU
		{8A8F49A5-9AC7-49C0-B9E6-CA09E85120D7}.Debug|Any CPU.Build.0 = Debug|Any CPU
		{8A8F49A5-9AC7-49C0-B9E6-CA09E85120D7}.Release|Any CPU.ActiveCfg = Release|Any CPU
		{8A8F49A5-9AC7-49C0-B9E6-CA09E85120D7}.Release|Any CPU.Build.0 = Release|Any CPU
		{9F96B1DE-E30C-4E3C-BA86-C61AA9F5C406}.Debug|Any CPU.ActiveCfg = Debug|Any CPU
		{9F96B1DE-E30C-4E3C-BA86-C61AA9F5C406}.Debug|Any CPU.Build.0 = Debug|Any CPU
		{9F96B1DE-E30C-4E3C-BA86-C61AA9F5C406}.Release|Any CPU.ActiveCfg = Release|Any CPU
		{9F96B1DE-E30C-4E3C-BA86-C61AA9F5C406}.Release|Any CPU.Build.0 = Release|Any CPU
		{739F65F8-A563-4BAB-9EFC-A77CD7FB56D3}.Debug|Any CPU.ActiveCfg = Debug|Any CPU
		{739F65F8-A563-4BAB-9EFC-A77CD7FB56D3}.Debug|Any CPU.Build.0 = Debug|Any CPU
		{739F65F8-A563-4BAB-9EFC-A77CD7FB56D3}.Release|Any CPU.ActiveCfg = Release|Any CPU
		{739F65F8-A563-4BAB-9EFC-A77CD7FB56D3}.Release|Any CPU.Build.0 = Release|Any CPU
		{7204415C-B929-48D7-97C3-DF58152BB94E}.Debug|Any CPU.ActiveCfg = Debug|Any CPU
		{7204415C-B929-48D7-97C3-DF58152BB94E}.Debug|Any CPU.Build.0 = Debug|Any CPU
		{7204415C-B929-48D7-97C3-DF58152BB94E}.Release|Any CPU.ActiveCfg = Release|Any CPU
		{7204415C-B929-48D7-97C3-DF58152BB94E}.Release|Any CPU.Build.0 = Release|Any CPU
		{87941A07-F936-4D83-AD91-503A6BD3CA02}.Debug|Any CPU.ActiveCfg = Debug|Any CPU
		{87941A07-F936-4D83-AD91-503A6BD3CA02}.Debug|Any CPU.Build.0 = Debug|Any CPU
		{87941A07-F936-4D83-AD91-503A6BD3CA02}.Release|Any CPU.ActiveCfg = Release|Any CPU
		{87941A07-F936-4D83-AD91-503A6BD3CA02}.Release|Any CPU.Build.0 = Release|Any CPU
		{F2C17B5C-4546-49D8-9CCD-C841AC57129B}.Debug|Any CPU.ActiveCfg = Debug|Any CPU
		{F2C17B5C-4546-49D8-9CCD-C841AC57129B}.Debug|Any CPU.Build.0 = Debug|Any CPU
		{F2C17B5C-4546-49D8-9CCD-C841AC57129B}.Release|Any CPU.ActiveCfg = Release|Any CPU
		{F2C17B5C-4546-49D8-9CCD-C841AC57129B}.Release|Any CPU.Build.0 = Release|Any CPU
		{5A118656-937E-4EE4-8B44-53E0EF45F7AC}.Debug|Any CPU.ActiveCfg = Debug|Any CPU
		{5A118656-937E-4EE4-8B44-53E0EF45F7AC}.Debug|Any CPU.Build.0 = Debug|Any CPU
		{5A118656-937E-4EE4-8B44-53E0EF45F7AC}.Release|Any CPU.ActiveCfg = Release|Any CPU
		{5A118656-937E-4EE4-8B44-53E0EF45F7AC}.Release|Any CPU.Build.0 = Release|Any CPU
		{762B34CD-FBCC-49EE-8ABF-BC65DAAB9323}.Debug|Any CPU.ActiveCfg = Debug|Any CPU
		{762B34CD-FBCC-49EE-8ABF-BC65DAAB9323}.Debug|Any CPU.Build.0 = Debug|Any CPU
		{762B34CD-FBCC-49EE-8ABF-BC65DAAB9323}.Release|Any CPU.ActiveCfg = Release|Any CPU
		{762B34CD-FBCC-49EE-8ABF-BC65DAAB9323}.Release|Any CPU.Build.0 = Release|Any CPU
		{CB80B3B4-D6A9-4B26-A0CB-D2285DB8DFBC}.Debug|Any CPU.ActiveCfg = Debug|Any CPU
		{CB80B3B4-D6A9-4B26-A0CB-D2285DB8DFBC}.Debug|Any CPU.Build.0 = Debug|Any CPU
		{CB80B3B4-D6A9-4B26-A0CB-D2285DB8DFBC}.Release|Any CPU.ActiveCfg = Release|Any CPU
		{CB80B3B4-D6A9-4B26-A0CB-D2285DB8DFBC}.Release|Any CPU.Build.0 = Release|Any CPU
		{62ACEC51-26AD-4A37-84F0-C5F19CAF1ADF}.Debug|Any CPU.ActiveCfg = Debug|Any CPU
		{62ACEC51-26AD-4A37-84F0-C5F19CAF1ADF}.Debug|Any CPU.Build.0 = Debug|Any CPU
		{62ACEC51-26AD-4A37-84F0-C5F19CAF1ADF}.Release|Any CPU.ActiveCfg = Release|Any CPU
		{62ACEC51-26AD-4A37-84F0-C5F19CAF1ADF}.Release|Any CPU.Build.0 = Release|Any CPU
		{C56ADC2D-4C86-469B-99D5-4E514B595170}.Debug|Any CPU.ActiveCfg = Debug|Any CPU
		{C56ADC2D-4C86-469B-99D5-4E514B595170}.Debug|Any CPU.Build.0 = Debug|Any CPU
		{C56ADC2D-4C86-469B-99D5-4E514B595170}.Release|Any CPU.ActiveCfg = Release|Any CPU
		{C56ADC2D-4C86-469B-99D5-4E514B595170}.Release|Any CPU.Build.0 = Release|Any CPU
		{6B3848F5-D77B-4502-88C1-EC07DD1ECDCA}.Debug|Any CPU.ActiveCfg = Debug|Any CPU
		{6B3848F5-D77B-4502-88C1-EC07DD1ECDCA}.Debug|Any CPU.Build.0 = Debug|Any CPU
		{6B3848F5-D77B-4502-88C1-EC07DD1ECDCA}.Release|Any CPU.ActiveCfg = Release|Any CPU
		{6B3848F5-D77B-4502-88C1-EC07DD1ECDCA}.Release|Any CPU.Build.0 = Release|Any CPU
		{1BA217E8-5497-44F3-97D5-C01AE8FE56B0}.Debug|Any CPU.ActiveCfg = Debug|Any CPU
		{1BA217E8-5497-44F3-97D5-C01AE8FE56B0}.Debug|Any CPU.Build.0 = Debug|Any CPU
		{1BA217E8-5497-44F3-97D5-C01AE8FE56B0}.Release|Any CPU.ActiveCfg = Release|Any CPU
		{1BA217E8-5497-44F3-97D5-C01AE8FE56B0}.Release|Any CPU.Build.0 = Release|Any CPU
		{2CC0B53C-AF8A-4E6C-9F36-9CB0F9CF8D7E}.Debug|Any CPU.ActiveCfg = Debug|Any CPU
		{2CC0B53C-AF8A-4E6C-9F36-9CB0F9CF8D7E}.Debug|Any CPU.Build.0 = Debug|Any CPU
		{2CC0B53C-AF8A-4E6C-9F36-9CB0F9CF8D7E}.Release|Any CPU.ActiveCfg = Release|Any CPU
		{2CC0B53C-AF8A-4E6C-9F36-9CB0F9CF8D7E}.Release|Any CPU.Build.0 = Release|Any CPU
		{1013F1C8-8848-4377-A067-3D8265F77495}.Debug|Any CPU.ActiveCfg = Debug|Any CPU
		{1013F1C8-8848-4377-A067-3D8265F77495}.Debug|Any CPU.Build.0 = Debug|Any CPU
		{1013F1C8-8848-4377-A067-3D8265F77495}.Release|Any CPU.ActiveCfg = Release|Any CPU
		{1013F1C8-8848-4377-A067-3D8265F77495}.Release|Any CPU.Build.0 = Release|Any CPU
		{59CACAAF-2966-4657-A054-9D2DD029BCE5}.Debug|Any CPU.ActiveCfg = Debug|Any CPU
		{59CACAAF-2966-4657-A054-9D2DD029BCE5}.Debug|Any CPU.Build.0 = Debug|Any CPU
		{59CACAAF-2966-4657-A054-9D2DD029BCE5}.Release|Any CPU.ActiveCfg = Release|Any CPU
		{59CACAAF-2966-4657-A054-9D2DD029BCE5}.Release|Any CPU.Build.0 = Release|Any CPU
		{BA9F1DBD-B491-4359-9686-F24A2F6B2657}.Debug|Any CPU.ActiveCfg = Debug|Any CPU
		{BA9F1DBD-B491-4359-9686-F24A2F6B2657}.Debug|Any CPU.Build.0 = Debug|Any CPU
		{BA9F1DBD-B491-4359-9686-F24A2F6B2657}.Release|Any CPU.ActiveCfg = Release|Any CPU
		{BA9F1DBD-B491-4359-9686-F24A2F6B2657}.Release|Any CPU.Build.0 = Release|Any CPU
		{4B8F0791-9C0A-4802-805A-C0910D489455}.Debug|Any CPU.ActiveCfg = Debug|Any CPU
		{4B8F0791-9C0A-4802-805A-C0910D489455}.Debug|Any CPU.Build.0 = Debug|Any CPU
		{4B8F0791-9C0A-4802-805A-C0910D489455}.Release|Any CPU.ActiveCfg = Release|Any CPU
		{4B8F0791-9C0A-4802-805A-C0910D489455}.Release|Any CPU.Build.0 = Release|Any CPU
		{715AF090-A1A6-4C55-AC6B-C45B964EDD7F}.Debug|Any CPU.ActiveCfg = Debug|Any CPU
		{715AF090-A1A6-4C55-AC6B-C45B964EDD7F}.Debug|Any CPU.Build.0 = Debug|Any CPU
		{715AF090-A1A6-4C55-AC6B-C45B964EDD7F}.Release|Any CPU.ActiveCfg = Release|Any CPU
		{715AF090-A1A6-4C55-AC6B-C45B964EDD7F}.Release|Any CPU.Build.0 = Release|Any CPU
		{5F40F542-DB0E-4414-BF0D-BA4138BD300E}.Debug|Any CPU.ActiveCfg = Debug|Any CPU
		{5F40F542-DB0E-4414-BF0D-BA4138BD300E}.Debug|Any CPU.Build.0 = Debug|Any CPU
		{5F40F542-DB0E-4414-BF0D-BA4138BD300E}.Release|Any CPU.ActiveCfg = Release|Any CPU
		{5F40F542-DB0E-4414-BF0D-BA4138BD300E}.Release|Any CPU.Build.0 = Release|Any CPU
		{7A5E785C-98C5-4D94-8987-78D7D4D37780}.Debug|Any CPU.ActiveCfg = Debug|Any CPU
		{7A5E785C-98C5-4D94-8987-78D7D4D37780}.Debug|Any CPU.Build.0 = Debug|Any CPU
		{7A5E785C-98C5-4D94-8987-78D7D4D37780}.Release|Any CPU.ActiveCfg = Release|Any CPU
		{7A5E785C-98C5-4D94-8987-78D7D4D37780}.Release|Any CPU.Build.0 = Release|Any CPU
		{325483A8-0436-4C2C-8723-E63EA250DED8}.Debug|Any CPU.ActiveCfg = Debug|Any CPU
		{325483A8-0436-4C2C-8723-E63EA250DED8}.Debug|Any CPU.Build.0 = Debug|Any CPU
		{325483A8-0436-4C2C-8723-E63EA250DED8}.Release|Any CPU.ActiveCfg = Release|Any CPU
		{325483A8-0436-4C2C-8723-E63EA250DED8}.Release|Any CPU.Build.0 = Release|Any CPU
		{37BBC62E-E257-4737-9D67-5243FFCB05D7}.Debug|Any CPU.ActiveCfg = Debug|Any CPU
		{37BBC62E-E257-4737-9D67-5243FFCB05D7}.Debug|Any CPU.Build.0 = Debug|Any CPU
		{37BBC62E-E257-4737-9D67-5243FFCB05D7}.Release|Any CPU.ActiveCfg = Release|Any CPU
		{37BBC62E-E257-4737-9D67-5243FFCB05D7}.Release|Any CPU.Build.0 = Release|Any CPU
	EndGlobalSection
	GlobalSection(SolutionProperties) = preSolution
		HideSolutionNode = FALSE
	EndGlobalSection
	GlobalSection(ExtensibilityGlobals) = postSolution
		SolutionGuid = {6B384D9B-EF62-41C0-A2D6-720C9867E21D}
	EndGlobalSection
EndGlobal
